
Microsoft Visual Studio Solution File, Format Version 12.00
# Visual Studio Version 17
VisualStudioVersion = 17.5.002.0
MinimumVisualStudioVersion = 10.0.40219.1
Project("{9A19103F-16F7-4668-BE54-9A1E7A4F7556}") = "Starter", "Starter\Starter.csproj", "{220F65C5-7766-4D49-AA85-37A84C9859D0}"
EndProject
Project("{9A19103F-16F7-4668-BE54-9A1E7A4F7556}") = "Final", "Final\Final.csproj", "{CA436A80-B699-4E6A-A556-8E561F241E1C}"
EndProject
Global
	GlobalSection(SolutionConfigurationPlatforms) = preSolution
		Debug|Any CPU = Debug|Any CPU
		Release|Any CPU = Release|Any CPU
	EndGlobalSection
	GlobalSection(ProjectConfigurationPlatforms) = postSolution
		{220F65C5-7766-4D49-AA85-37A84C9859D0}.Debug|Any CPU.ActiveCfg = Debug|Any CPU
		{220F65C5-7766-4D49-AA85-37A84C9859D0}.Debug|Any CPU.Build.0 = Debug|Any CPU
		{220F65C5-7766-4D49-AA85-37A84C9859D0}.Release|Any CPU.ActiveCfg = Release|Any CPU
		{220F65C5-7766-4D49-AA85-37A84C9859D0}.Release|Any CPU.Build.0 = Release|Any CPU
		{CA436A80-B699-4E6A-A556-8E561F241E1C}.Debug|Any CPU.ActiveCfg = Debug|Any CPU
		{CA436A80-B699-4E6A-A556-8E561F241E1C}.Debug|Any CPU.Build.0 = Debug|Any CPU
		{CA436A80-B699-4E6A-A556-8E561F241E1C}.Release|Any CPU.ActiveCfg = Release|Any CPU
		{CA436A80-B699-4E6A-A556-8E561F241E1C}.Release|Any CPU.Build.0 = Release|Any CPU
	EndGlobalSection
	GlobalSection(SolutionProperties) = preSolution
		HideSolutionNode = FALSE
	EndGlobalSection
	GlobalSection(ExtensibilityGlobals) = postSolution
		SolutionGuid = {5757B93B-AC7B-4409-A6D8-DF67CD78F0BD}
	EndGlobalSection
EndGlobal
